{
  "name": "viz",
  "version": "1.0.0",
  "lockfileVersion": 1,
  "requires": true,
  "dependencies": {
    "async-limiter": {
      "version": "1.0.0",
      "resolved": "https://registry.npmjs.org/async-limiter/-/async-limiter-1.0.0.tgz",
      "integrity": "sha512-jp/uFnooOiO+L211eZOoSyzpOITMXx1rBITauYykG3BRYPu8h0UcxsPNB04RR5vo4Tyz3+ay17tR6JVf9qzYWg=="
    },
    "ginx": {
      "version": "0.0.5",
      "resolved": "https://registry.npmjs.org/ginx/-/ginx-0.0.5.tgz",
      "integrity": "sha1-HJjephzGZB60r2oLSJJhqVCEwgc=",
      "requires": {
        "optimist": "0.3.7"
      }
    },
    "lodash": {
      "version": "4.17.10",
      "resolved": "https://registry.npmjs.org/lodash/-/lodash-4.17.10.tgz",
      "integrity": "sha512-UejweD1pDoXu+AD825lWwp4ZGtSwgnpZxb3JDViD7StjQz+Nb/6l093lx4OQ0foGWNRoc19mWy7BzL+UAK2iVg=="
    },
    "moment": {
      "version": "2.21.0",
      "resolved": "https://registry.npmjs.org/moment/-/moment-2.21.0.tgz",
      "integrity": "sha512-TCZ36BjURTeFTM/CwRcViQlfkMvL1/vFISuNLO5GkcVm1+QHfbSiNqZuWeMFjj1/3+uAjXswgRk30j1kkLYJBQ=="
    },
    "nginx-log-parser": {
      "version": "0.0.4",
      "resolved": "https://registry.npmjs.org/nginx-log-parser/-/nginx-log-parser-0.0.4.tgz",
      "integrity": "sha1-M27sNqgjacnHAeCIF3DfI3+OYu0="
    },
    "nginxparser": {
      "version": "2.1.0",
      "resolved": "https://registry.npmjs.org/nginxparser/-/nginxparser-2.1.0.tgz",
      "integrity": "sha512-3y4yEuZY3+0xjJXovwqMMYcDGs0y6hVPyqSVK22CYrl+lfdLdYsbUsWBhzPYitleVAyzNWKRBhJOKGF+hfmhPA=="
    },
    "optimist": {
      "version": "0.3.7",
      "resolved": "https://registry.npmjs.org/optimist/-/optimist-0.3.7.tgz",
      "integrity": "sha1-yQlBrVnkJzMokjB00s8ufLxuwNk=",
      "requires": {
        "wordwrap": "0.0.3"
      }
    },
    "statsd-client": {
      "version": "0.4.2",
      "resolved": "https://registry.npmjs.org/statsd-client/-/statsd-client-0.4.2.tgz",
      "integrity": "sha512-NH9IlFI5TvvGlPB4t0JMpl0mwspetYxX6+6E9jLeV+R0k7rAQJGilebjcWSRKenMQlw1987n0+8SRM/G5Sa9yA=="
    },
    "wordwrap": {
      "version": "0.0.3",
      "resolved": "https://registry.npmjs.org/wordwrap/-/wordwrap-0.0.3.tgz",
      "integrity": "sha1-o9XabNXAvAAI03I0u68b7WMFkQc="
    },
    "ws": {
      "version": "5.2.0",
      "resolved": "https://registry.npmjs.org/ws/-/ws-5.2.0.tgz",
      "integrity": "sha512-c18dMeW+PEQdDFzkhDsnBAlS4Z8KGStBQQUcQ5mf7Nf689jyGk0594L+i9RaQuf4gog6SvWLJorz2NfSaqxZ7w==",
      "requires": {
        "async-limiter": "1.0.0"
      }
    }
  }
}
